
Microsoft Visual Studio Solution File, Format Version 12.00
# Visual Studio Version 16
VisualStudioVersion = 16.0.31205.134
MinimumVisualStudioVersion = 10.0.40219.1
Project("{FAE04EC0-301F-11D3-BF4B-00C04F79EFBC}") = "TheLastHotel.API", "TheLastHotel.API\TheLastHotel.API.csproj", "{630C17C1-8594-414D-9262-CB43090B94C9}"
EndProject
Project("{FAE04EC0-301F-11D3-BF4B-00C04F79EFBC}") = "TheLastHotel.Service", "TheLastHotel.Service\TheLastHotel.Service.csproj", "{23EE6F5A-868D-4C10-9CA5-BBC60D2F188A}"
EndProject
Project("{FAE04EC0-301F-11D3-BF4B-00C04F79EFBC}") = "TheLastHotel.Repository", "TheLastHotel.Repository\TheLastHotel.Repository.csproj", "{BA9DE70E-A02F-495A-9BBF-70D17AC2EAF5}"
EndProject
Project("{E53339B2-1760-4266-BCC7-CA923CBCF16C}") = "docker-compose", "docker-compose.dcproj", "{3AA6B32E-5937-4058-9273-17952B9576A9}"
EndProject
Project("{FAE04EC0-301F-11D3-BF4B-00C04F79EFBC}") = "TheLastHotel.Domain", "TheLastHotel.Domain\TheLastHotel.Domain.csproj", "{7732C8D1-6C62-4479-9084-DBB69AA549E0}"
EndProject
Global
	GlobalSection(SolutionConfigurationPlatforms) = preSolution
		Debug|Any CPU = Debug|Any CPU
		Release|Any CPU = Release|Any CPU
	EndGlobalSection
	GlobalSection(ProjectConfigurationPlatforms) = postSolution
		{630C17C1-8594-414D-9262-CB43090B94C9}.Debug|Any CPU.ActiveCfg = Debug|Any CPU
		{630C17C1-8594-414D-9262-CB43090B94C9}.Debug|Any CPU.Build.0 = Debug|Any CPU
		{630C17C1-8594-414D-9262-CB43090B94C9}.Release|Any CPU.ActiveCfg = Release|Any CPU
		{630C17C1-8594-414D-9262-CB43090B94C9}.Release|Any CPU.Build.0 = Release|Any CPU
		{23EE6F5A-868D-4C10-9CA5-BBC60D2F188A}.Debug|Any CPU.ActiveCfg = Debug|Any CPU
		{23EE6F5A-868D-4C10-9CA5-BBC60D2F188A}.Debug|Any CPU.Build.0 = Debug|Any CPU
		{23EE6F5A-868D-4C10-9CA5-BBC60D2F188A}.Release|Any CPU.ActiveCfg = Release|Any CPU
		{23EE6F5A-868D-4C10-9CA5-BBC60D2F188A}.Release|Any CPU.Build.0 = Release|Any CPU
		{BA9DE70E-A02F-495A-9BBF-70D17AC2EAF5}.Debug|Any CPU.ActiveCfg = Debug|Any CPU
		{BA9DE70E-A02F-495A-9BBF-70D17AC2EAF5}.Debug|Any CPU.Build.0 = Debug|Any CPU
		{BA9DE70E-A02F-495A-9BBF-70D17AC2EAF5}.Release|Any CPU.ActiveCfg = Release|Any CPU
		{BA9DE70E-A02F-495A-9BBF-70D17AC2EAF5}.Release|Any CPU.Build.0 = Release|Any CPU
		{3AA6B32E-5937-4058-9273-17952B9576A9}.Debug|Any CPU.ActiveCfg = Debug|Any CPU
		{3AA6B32E-5937-4058-9273-17952B9576A9}.Debug|Any CPU.Build.0 = Debug|Any CPU
		{3AA6B32E-5937-4058-9273-17952B9576A9}.Release|Any CPU.ActiveCfg = Release|Any CPU
		{3AA6B32E-5937-4058-9273-17952B9576A9}.Release|Any CPU.Build.0 = Release|Any CPU
		{7732C8D1-6C62-4479-9084-DBB69AA549E0}.Debug|Any CPU.ActiveCfg = Debug|Any CPU
		{7732C8D1-6C62-4479-9084-DBB69AA549E0}.Debug|Any CPU.Build.0 = Debug|Any CPU
		{7732C8D1-6C62-4479-9084-DBB69AA549E0}.Release|Any CPU.ActiveCfg = Release|Any CPU
		{7732C8D1-6C62-4479-9084-DBB69AA549E0}.Release|Any CPU.Build.0 = Release|Any CPU
	EndGlobalSection
	GlobalSection(SolutionProperties) = preSolution
		HideSolutionNode = FALSE
	EndGlobalSection
	GlobalSection(ExtensibilityGlobals) = postSolution
		SolutionGuid = {7C09F634-0BB4-4FD3-A4AA-CAF063A65587}
	EndGlobalSection
EndGlobal
